{
  "version": 4,
  "terraform_version": "1.4.5",
  "serial": 5,
  "lineage": "d82d28c7-c0b1-2aa4-71e4-ba9eece3c445",
  "outputs": {},
  "resources": [
    {
      "mode": "managed",
      "type": "aws_instance",
      "name": "web",
      "provider": "provider[\"registry.terraform.io/hashicorp/aws\"]",
      "instances": [
        {
          "schema_version": 1,
          "attributes": {
            "ami": "ami-078c1149d8ad719a7",
            "arn": "arn:aws:ec2:ap-southeast-1:330922084237:instance/i-0ca6ccdd5c06f24bd",
            "associate_public_ip_address": true,
            "availability_zone": "ap-southeast-1b",
            "capacity_reservation_specification": [
              {
                "capacity_reservation_preference": "open",
                "capacity_reservation_target": []
              }
            ],
            "cpu_core_count": 1,
            "cpu_options": [
              {
                "amd_sev_snp": "",
                "core_count": 1,
                "threads_per_core": 1
              }
            ],
            "cpu_threads_per_core": 1,
            "credit_specification": [
              {
                "cpu_credits": "standard"
              }
            ],
            "disable_api_stop": false,
            "disable_api_termination": false,
            "ebs_block_device": [],
            "ebs_optimized": false,
            "enclave_options": [
              {
                "enabled": false
              }
            ],
            "ephemeral_block_device": [],
            "get_password_data": false,
            "hibernation": false,
            "host_id": "",
            "host_resource_group_arn": null,
            "iam_instance_profile": "",
            "id": "i-0ca6ccdd5c06f24bd",
            "instance_initiated_shutdown_behavior": "stop",
            "instance_lifecycle": "",
            "instance_market_options": [],
            "instance_state": "running",
            "instance_type": "t2.micro",
            "ipv6_address_count": 0,
            "ipv6_addresses": [],
            "key_name": "admin",
            "launch_template": [],
            "maintenance_options": [
              {
                "auto_recovery": "default"
              }
            ],
            "metadata_options": [
              {
                "http_endpoint": "enabled",
                "http_protocol_ipv6": "disabled",
                "http_put_response_hop_limit": 1,
                "http_tokens": "optional",
                "instance_metadata_tags": "disabled"
              }
            ],
            "monitoring": false,
            "network_interface": [],
            "outpost_arn": "",
            "password_data": "",
            "placement_group": "",
            "placement_partition_number": 0,
            "primary_network_interface_id": "eni-0854fbd0351723047",
            "private_dns": "ip-172-31-26-39.ap-southeast-1.compute.internal",
            "private_dns_name_options": [
              {
                "enable_resource_name_dns_a_record": false,
                "enable_resource_name_dns_aaaa_record": false,
                "hostname_type": "ip-name"
              }
            ],
            "private_ip": "172.31.26.39",
            "public_dns": "ec2-175-41-152-59.ap-southeast-1.compute.amazonaws.com",
            "public_ip": "175.41.152.59",
            "root_block_device": [
              {
                "delete_on_termination": true,
                "device_name": "/dev/sda1",
                "encrypted": false,
                "iops": 100,
                "kms_key_id": "",
                "tags": {},
                "throughput": 0,
                "volume_id": "vol-0da3f6e44f048940f",
                "volume_size": 8,
                "volume_type": "gp2"
              }
            ],
            "secondary_private_ips": [],
            "security_groups": [
              "default"
            ],
            "source_dest_check": true,
            "spot_instance_request_id": "",
            "subnet_id": "subnet-0c7b712d978763566",
            "tags": {
              "Name": "nginx-web-server"
            },
            "tags_all": {
              "Name": "nginx-web-server"
            },
            "tenancy": "default",
            "timeouts": null,
            "user_data": "51b10222d54772d89fb7d2fae220afa42be0e1e0",
            "user_data_base64": null,
            "user_data_replace_on_change": false,
            "volume_tags": null,
            "vpc_security_group_ids": [
              "sg-09fb6efeb494f745b"
            ]
          },
          "sensitive_attributes": [],
          "private": "eyJlMmJmYjczMC1lY2FhLTExZTYtOGY4OC0zNDM2M2JjN2M0YzAiOnsiY3JlYXRlIjo2MDAwMDAwMDAwMDAsImRlbGV0ZSI6MTIwMDAwMDAwMDAwMCwidXBkYXRlIjo2MDAwMDAwMDAwMDB9LCJzY2hlbWFfdmVyc2lvbiI6IjEifQ==",
          "dependencies": [
            "aws_key_pair.ssh"
          ]
        }
      ]
    },
    {
      "mode": "managed",
      "type": "aws_key_pair",
      "name": "ssh",
      "provider": "provider[\"registry.terraform.io/hashicorp/aws\"]",
      "instances": [
        {
          "schema_version": 1,
          "attributes": {
            "arn": "arn:aws:ec2:ap-southeast-1:330922084237:key-pair/admin",
            "fingerprint": "bf:e4:0f:38:c4:8b:5d:5d:e4:2b:79:26:04:fe:47:9e",
            "id": "admin",
            "key_name": "admin",
            "key_name_prefix": "",
            "key_pair_id": "key-03bf139329458925c",
            "key_type": "rsa",
            "public_key": "ssh-rsa AAAAB3NzaC1yc2EAAAADAQABAAABgQCt80V7A0SnwfwapfI13MD2FnyxvUlZGvxa4ZDeCCMjLQr4sAFYJ/hN/5aoI+9vMubWsjDABK9KO35Hw1PQxmfnQ0EuNdv4SyFTjkqQCwSKXiN8/lff6EsrD3Y6XYJlLOtvdWnXXlJugljgoJQdDxm1jPYiGVCnMLkFMwYn9N9BESiz1RF8XpPJJKee8ORpPuIdL9jFCCrZxVh8hzOmlJ3UE5ExHhMie1phA8qEWGDFks4Q+wcODVnak2LBdYCXEshP5QEbsIqcOTrp8xiNWWbOg+6UK7yCfQzagXTPC9mIgt6Dl8jUWKFaq/IjKAJnwiyXAcWpVdswyQ3pbeLZQNE7/u/E4+IzqifhZYyZbHze1TZ5OGMEccYMHzQJ6HDhPQO1LKfWKI+PjELQEsJNwMNstClzHhO3fbGRb7GAQEeiKaEiputm/ft2+LvKe21rPnILr3TgIjiIAVJy58WMzZe1H8AT/b1yXGm5eua6HssMqM3zWoHwytJ8pTqIZ5GHaCE= djmails@163.com",
            "tags": null,
            "tags_all": {}
          },
          "sensitive_attributes": [],
          "private": "eyJzY2hlbWFfdmVyc2lvbiI6IjEifQ=="
        }
      ]
    },
    {
      "mode": "managed",
      "type": "aws_security_group_rule",
      "name": "web",
      "provider": "provider[\"registry.terraform.io/hashicorp/aws\"]",
      "instances": [
        {
          "schema_version": 2,
          "attributes": {
            "cidr_blocks": [
              "0.0.0.0/0"
            ],
            "description": null,
            "from_port": 80,
            "id": "sgrule-421875954",
            "ipv6_cidr_blocks": null,
            "prefix_list_ids": null,
            "protocol": "tcp",
            "security_group_id": "sg-09fb6efeb494f745b",
            "security_group_rule_id": "sgr-09787c759b3732fdf",
            "self": false,
            "source_security_group_id": null,
            "timeouts": null,
            "to_port": 80,
            "type": "ingress"
          },
          "sensitive_attributes": [],
          "private": "eyJlMmJmYjczMC1lY2FhLTExZTYtOGY4OC0zNDM2M2JjN2M0YzAiOnsiY3JlYXRlIjozMDAwMDAwMDAwMDB9LCJzY2hlbWFfdmVyc2lvbiI6IjIifQ=="
        }
      ]
    }
  ],
  "check_results": null
}
